
Microsoft Visual Studio Solution File, Format Version 12.00
# Visual Studio 15
VisualStudioVersion = 15.0.28010.2036
MinimumVisualStudioVersion = 10.0.40219.1
Project("{FAE04EC0-301F-11D3-BF4B-00C04F79EFBC}") = "test2", "test2\test2.csproj", "{03843154-E124-42B8-82EF-C43C382702C9}"
EndProject
Global
	GlobalSection(SolutionConfigurationPlatforms) = preSolution
		Debug|Any CPU = Debug|Any CPU
		Release|Any CPU = Release|Any CPU
	EndGlobalSection
	GlobalSection(ProjectConfigurationPlatforms) = postSolution
		{03843154-E124-42B8-82EF-C43C382702C9}.Debug|Any CPU.ActiveCfg = Debug|Any CPU
		{03843154-E124-42B8-82EF-C43C382702C9}.Debug|Any CPU.Build.0 = Debug|Any CPU
		{03843154-E124-42B8-82EF-C43C382702C9}.Release|Any CPU.ActiveCfg = Release|Any CPU
		{03843154-E124-42B8-82EF-C43C382702C9}.Release|Any CPU.Build.0 = Release|Any CPU
	EndGlobalSection
	GlobalSection(SolutionProperties) = preSolution
		HideSolutionNode = FALSE
	EndGlobalSection
	GlobalSection(ExtensibilityGlobals) = postSolution
		SolutionGuid = {9F97A78F-C1BC-456E-9DB8-DAEBF96B60A6}
	EndGlobalSection
EndGlobal
